
Microsoft Visual Studio Solution File, Format Version 12.00
# Visual Studio Version 17
VisualStudioVersion = 17.3.32825.248
MinimumVisualStudioVersion = 10.0.40219.1
Project("{FAE04EC0-301F-11D3-BF4B-00C04F79EFBC}") = "KamilCataLogAPI", "KamilCataLogAPI\KamilCataLogAPI.csproj", "{ADA2FA85-FCEE-49A4-A2BF-1C6BBD0C7C9D}"
EndProject
Global
	GlobalSection(SolutionConfigurationPlatforms) = preSolution
		Debug|Any CPU = Debug|Any CPU
		Release|Any CPU = Release|Any CPU
	EndGlobalSection
	GlobalSection(ProjectConfigurationPlatforms) = postSolution
		{ADA2FA85-FCEE-49A4-A2BF-1C6BBD0C7C9D}.Debug|Any CPU.ActiveCfg = Debug|Any CPU
		{ADA2FA85-FCEE-49A4-A2BF-1C6BBD0C7C9D}.Debug|Any CPU.Build.0 = Debug|Any CPU
		{ADA2FA85-FCEE-49A4-A2BF-1C6BBD0C7C9D}.Release|Any CPU.ActiveCfg = Release|Any CPU
		{ADA2FA85-FCEE-49A4-A2BF-1C6BBD0C7C9D}.Release|Any CPU.Build.0 = Release|Any CPU
	EndGlobalSection
	GlobalSection(SolutionProperties) = preSolution
		HideSolutionNode = FALSE
	EndGlobalSection
	GlobalSection(ExtensibilityGlobals) = postSolution
		SolutionGuid = {D8B99332-6262-47FB-8727-6DAF871FDD16}
	EndGlobalSection
EndGlobal
